// !$*UTF8*$!
{
	archiveVersion = 1;
	classes = {
	};
	objectVersion = 46;
	objects = {

/* Begin PBXBuildFile section */
		048364DD1AD4294D00C3CA59 /* main.m in Sources */ = {isa = PBXBuildFile; fileRef = 048364DC1AD4294D00C3CA59 /* main.m */; };
		048364E01AD4294D00C3CA59 /* AppDelegate.m in Sources */ = {isa = PBXBuildFile; fileRef = 048364DF1AD4294D00C3CA59 /* AppDelegate.m */; };
		048364E31AD4294D00C3CA59 /* ViewController.m in Sources */ = {isa = PBXBuildFile; fileRef = 048364E21AD4294D00C3CA59 /* ViewController.m */; };
		048364E61AD4294D00C3CA59 /* Main.storyboard in Resources */ = {isa = PBXBuildFile; fileRef = 048364E41AD4294D00C3CA59 /* Main.storyboard */; };
		048364E81AD4294D00C3CA59 /* Images.xcassets in Resources */ = {isa = PBXBuildFile; fileRef = 048364E71AD4294D00C3CA59 /* Images.xcassets */; };
		048364EB1AD4294D00C3CA59 /* LaunchScreen.xib in Resources */ = {isa = PBXBuildFile; fileRef = 048364E91AD4294D00C3CA59 /* LaunchScreen.xib */; };
		048364F71AD4294E00C3CA59 /* googleoauth2demoTests.m in Sources */ = {isa = PBXBuildFile; fileRef = 048364F61AD4294E00C3CA59 /* googleoauth2demoTests.m */; };
		E32167532B96A9A060F1C9CD /* libPods.a in Frameworks */ = {isa = PBXBuildFile; fileRef = D30B932D8D92E99061A6FEB5 /* libPods.a */; };
/* End PBXBuildFile section */

/* Begin PBXContainerItemProxy section */
		048364F11AD4294E00C3CA59 /* PBXContainerItemProxy */ = {
			isa = PBXContainerItemProxy;
			containerPortal = 048364CF1AD4294D00C3CA59 /* Project object */;
			proxyType = 1;
			remoteGlobalIDString = 048364D61AD4294D00C3CA59;
			remoteInfo = googleoauth2demo;
		};
/* End PBXContainerItemProxy section */

/* Begin PBXFileReference section */
		048364D71AD4294D00C3CA59 /* googleoauth2demo.app */ = {isa = PBXFileReference; explicitFileType = wrapper.application; includeInIndex = 0; path = googleoauth2demo.app; sourceTree = BUILT_PRODUCTS_DIR; };
		048364DB1AD4294D00C3CA59 /* Info.plist */ = {isa = PBXFileReference; lastKnownFileType = text.plist.xml; path = Info.plist; sourceTree = "<group>"; };
		048364DC1AD4294D00C3CA59 /* main.m */ = {isa = PBXFileReference; lastKnownFileType = sourcecode.c.objc; path = main.m; sourceTree = "<group>"; };
		048364DE1AD4294D00C3CA59 /* AppDelegate.h */ = {isa = PBXFileReference; lastKnownFileType = sourcecode.c.h; path = AppDelegate.h; sourceTree = "<group>"; };
		048364DF1AD4294D00C3CA59 /* AppDelegate.m */ = {isa = PBXFileReference; lastKnownFileType = sourcecode.c.objc; path = AppDelegate.m; sourceTree = "<group>"; };
		048364E11AD4294D00C3CA59 /* ViewController.h */ = {isa = PBXFileReference; lastKnownFileType = sourcecode.c.h; path = ViewController.h; sourceTree = "<group>"; };
		048364E21AD4294D00C3CA59 /* ViewController.m */ = {isa = PBXFileReference; lastKnownFileType = sourcecode.c.objc; path = ViewController.m; sourceTree = "<group>"; };
		048364E51AD4294D00C3CA59 /* Base */ = {isa = PBXFileReference; lastKnownFileType = file.storyboard; name = Base; path = Base.lproj/Main.storyboard; sourceTree = "<group>"; };
		048364E71AD4294D00C3CA59 /* Images.xcassets */ = {isa = PBXFileReference; lastKnownFileType = folder.assetcatalog; path = Images.xcassets; sourceTree = "<group>"; };
		048364EA1AD4294D00C3CA59 /* Base */ = {isa = PBXFileReference; lastKnownFileType = file.xib; name = Base; path = Base.lproj/LaunchScreen.xib; sourceTree = "<group>"; };
		048364F01AD4294E00C3CA59 /* googleoauth2demoTests.xctest */ = {isa = PBXFileReference; explicitFileType = wrapper.cfbundle; includeInIndex = 0; path = googleoauth2demoTests.xctest; sourceTree = BUILT_PRODUCTS_DIR; };
		048364F51AD4294E00C3CA59 /* Info.plist */ = {isa = PBXFileReference; lastKnownFileType = text.plist.xml; path = Info.plist; sourceTree = "<group>"; };
		048364F61AD4294E00C3CA59 /* googleoauth2demoTests.m */ = {isa = PBXFileReference; lastKnownFileType = sourcecode.c.objc; path = googleoauth2demoTests.m; sourceTree = "<group>"; };
		303D487A92100F7BABB2B0ED /* Pods.debug.xcconfig */ = {isa = PBXFileReference; includeInIndex = 1; lastKnownFileType = text.xcconfig; name = Pods.debug.xcconfig; path = "Pods/Target Support Files/Pods/Pods.debug.xcconfig"; sourceTree = "<group>"; };
		5B393F4A7884A297E79D1104 /* Pods.release.xcconfig */ = {isa = PBXFileReference; includeInIndex = 1; lastKnownFileType = text.xcconfig; name = Pods.release.xcconfig; path = "Pods/Target Support Files/Pods/Pods.release.xcconfig"; sourceTree = "<group>"; };
		D30B932D8D92E99061A6FEB5 /* libPods.a */ = {isa = PBXFileReference; explicitFileType = archive.ar; includeInIndex = 0; path = libPods.a; sourceTree = BUILT_PRODUCTS_DIR; };
/* End PBXFileReference section */

/* Begin PBXFrameworksBuildPhase section */
		048364D41AD4294D00C3CA59 /* Frameworks */ = {
			isa = PBXFrameworksBuildPhase;
			buildActionMask = 2147483647;
			files = (
				E32167532B96A9A060F1C9CD /* libPods.a in Frameworks */,
			);
			runOnlyForDeploymentPostprocessing = 0;
		};
		048364ED1AD4294E00C3CA59 /* Frameworks */ = {
			isa = PBXFrameworksBuildPhase;
			buildActionMask = 2147483647;
			files = (
			);
			runOnlyForDeploymentPostprocessing = 0;
		};
/* End PBXFrameworksBuildPhase section */

/* Begin PBXGroup section */
		048364CE1AD4294D00C3CA59 = {
			isa = PBXGroup;
			children = (
				048364D91AD4294D00C3CA59 /* googleoauth2demo */,
				048364F31AD4294E00C3CA59 /* googleoauth2demoTests */,
				048364D81AD4294D00C3CA59 /* Products */,
				AD4AAC8C453EC7F51321D7E5 /* Pods */,
				F95264BACFFB24C3468C07C9 /* Frameworks */,
			);
			sourceTree = "<group>";
		};
		048364D81AD4294D00C3CA59 /* Products */ = {
			isa = PBXGroup;
			children = (
				048364D71AD4294D00C3CA59 /* googleoauth2demo.app */,
				048364F01AD4294E00C3CA59 /* googleoauth2demoTests.xctest */,
			);
			name = Products;
			sourceTree = "<group>";
		};
		048364D91AD4294D00C3CA59 /* googleoauth2demo */ = {
			isa = PBXGroup;
			children = (
				048364DE1AD4294D00C3CA59 /* AppDelegate.h */,
				048364DF1AD4294D00C3CA59 /* AppDelegate.m */,
				048364E11AD4294D00C3CA59 /* ViewController.h */,
				048364E21AD4294D00C3CA59 /* ViewController.m */,
				048364E41AD4294D00C3CA59 /* Main.storyboard */,
				048364E71AD4294D00C3CA59 /* Images.xcassets */,
				048364E91AD4294D00C3CA59 /* LaunchScreen.xib */,
				048364DA1AD4294D00C3CA59 /* Supporting Files */,
			);
			path = googleoauth2demo;
			sourceTree = "<group>";
		};
		048364DA1AD4294D00C3CA59 /* Supporting Files */ = {
			isa = PBXGroup;
			children = (
				048364DB1AD4294D00C3CA59 /* Info.plist */,
				048364DC1AD4294D00C3CA59 /* main.m */,
			);
			name = "Supporting Files";
			sourceTree = "<group>";
		};
		048364F31AD4294E00C3CA59 /* googleoauth2demoTests */ = {
			isa = PBXGroup;
			children = (
				048364F61AD4294E00C3CA59 /* googleoauth2demoTests.m */,
				048364F41AD4294E00C3CA59 /* Supporting Files */,
			);
			path = googleoauth2demoTests;
			sourceTree = "<group>";
		};
		048364F41AD4294E00C3CA59 /* Supporting Files */ = {
			isa = PBXGroup;
			children = (
				048364F51AD4294E00C3CA59 /* Info.plist */,
			);
			name = "Supporting Files";
			sourceTree = "<group>";
		};
		AD4AAC8C453EC7F51321D7E5 /* Pods */ = {
			isa = PBXGroup;
			children = (
				303D487A92100F7BABB2B0ED /* Pods.debug.xcconfig */,
				5B393F4A7884A297E79D1104 /* Pods.release.xcconfig */,
			);
			name = Pods;
			sourceTree = "<group>";
		};
		F95264BACFFB24C3468C07C9 /* Frameworks */ = {
			isa = PBXGroup;
			children = (
				D30B932D8D92E99061A6FEB5 /* libPods.a */,
			);
			name = Frameworks;
			sourceTree = "<group>";
		};
/* End PBXGroup section */

/* Begin PBXNativeTarget section */
		048364D61AD4294D00C3CA59 /* googleoauth2demo */ = {
			isa = PBXNativeTarget;
			buildConfigurationList = 048364FA1AD4294E00C3CA59 /* Build configuration list for PBXNativeTarget "googleoauth2demo" */;
			buildPhases = (
				9AF755FB975D63351DF3ABA9 /* Check Pods Manifest.lock */,
				048364D31AD4294D00C3CA59 /* Sources */,
				048364D41AD4294D00C3CA59 /* Frameworks */,
				048364D51AD4294D00C3CA59 /* Resources */,
				D9949DA980760F132CFB61FA /* Copy Pods Resources */,
			);
			buildRules = (
			);
			dependencies = (
			);
			name = googleoauth2demo;
			productName = googleoauth2demo;
			productReference = 048364D71AD4294D00C3CA59 /* googleoauth2demo.app */;
			productType = "com.apple.product-type.application";
		};
		048364EF1AD4294E00C3CA59 /* googleoauth2demoTests */ = {
			isa = PBXNativeTarget;
			buildConfigurationList = 048364FD1AD4294E00C3CA59 /* Build configuration list for PBXNativeTarget "googleoauth2demoTests" */;
			buildPhases = (
				048364EC1AD4294E00C3CA59 /* Sources */,
				048364ED1AD4294E00C3CA59 /* Frameworks */,
				048364EE1AD4294E00C3CA59 /* Resources */,
			);
			buildRules = (
			);
			dependencies = (
				048364F21AD4294E00C3CA59 /* PBXTargetDependency */,
			);
			name = googleoauth2demoTests;
			productName = googleoauth2demoTests;
			productReference = 048364F01AD4294E00C3CA59 /* googleoauth2demoTests.xctest */;
			productType = "com.apple.product-type.bundle.unit-test";
		};
/* End PBXNativeTarget section */

/* Begin PBXProject section */
		048364CF1AD4294D00C3CA59 /* Project object */ = {
			isa = PBXProject;
			attributes = {
				LastUpgradeCheck = 0620;
				ORGANIZATIONNAME = 366;
				TargetAttributes = {
					048364D61AD4294D00C3CA59 = {
						CreatedOnToolsVersion = 6.2;
					};
					048364EF1AD4294E00C3CA59 = {
						CreatedOnToolsVersion = 6.2;
						TestTargetID = 048364D61AD4294D00C3CA59;
					};
				};
			};
			buildConfigurationList = 048364D21AD4294D00C3CA59 /* Build configuration list for PBXProject "googleoauth2demo" */;
			compatibilityVersion = "Xcode 3.2";
			developmentRegion = English;
			hasScannedForEncodings = 0;
			knownRegions = (
				en,
				Base,
			);
			mainGroup = 048364CE1AD4294D00C3CA59;
			productRefGroup = 048364D81AD4294D00C3CA59 /* Products */;
			projectDirPath = "";
			projectRoot = "";
			targets = (
				048364D61AD4294D00C3CA59 /* googleoauth2demo */,
				048364EF1AD4294E00C3CA59 /* googleoauth2demoTests */,
			);
		};
/* End PBXProject section */

/* Begin PBXResourcesBuildPhase section */
		048364D51AD4294D00C3CA59 /* Resources */ = {
			isa = PBXResourcesBuildPhase;
			buildActionMask = 2147483647;
			files = (
				048364E61AD4294D00C3CA59 /* Main.storyboard in Resources */,
				048364EB1AD4294D00C3CA59 /* LaunchScreen.xib in Resources */,
				048364E81AD4294D00C3CA59 /* Images.xcassets in Resources */,
			);
			runOnlyForDeploymentPostprocessing = 0;
		};
		048364EE1AD4294E00C3CA59 /* Resources */ = {
			isa = PBXResourcesBuildPhase;
			buildActionMask = 2147483647;
			files = (
			);
			runOnlyForDeploymentPostprocessing = 0;
		};
/* End PBXResourcesBuildPhase section */

/* Begin PBXShellScriptBuildPhase section */
		9AF755FB975D63351DF3ABA9 /* Check Pods Manifest.lock */ = {
			isa = PBXShellScriptBuildPhase;
			buildActionMask = 2147483647;
			files = (
			);
			inputPaths = (
			);
			name = "Check Pods Manifest.lock";
			outputPaths = (
			);
			runOnlyForDeploymentPostprocessing = 0;
			shellPath = /bin/sh;
			shellScript = "diff \"${PODS_ROOT}/../Podfile.lock\" \"${PODS_ROOT}/Manifest.lock\" > /dev/null\nif [[ $? != 0 ]] ; then\n    cat << EOM\nerror: The sandbox is not in sync with the Podfile.lock. Run 'pod install' or update your CocoaPods installation.\nEOM\n    exit 1\nfi\n";
			showEnvVarsInLog = 0;
		};
		D9949DA980760F132CFB61FA /* Copy Pods Resources */ = {
			isa = PBXShellScriptBuildPhase;
			buildActionMask = 2147483647;
			files = (
			);
			inputPaths = (
			);
			name = "Copy Pods Resources";
			outputPaths = (
			);
			runOnlyForDeploymentPostprocessing = 0;
			shellPath = /bin/sh;
			shellScript = "\"${SRCROOT}/Pods/Target Support Files/Pods/Pods-resources.sh\"\n";
			showEnvVarsInLog = 0;
		};
/* End PBXShellScriptBuildPhase section */

/* Begin PBXSourcesBuildPhase section */
		048364D31AD4294D00C3CA59 /* Sources */ = {
			isa = PBXSourcesBuildPhase;
			buildActionMask = 2147483647;
			files = (
				048364E31AD4294D00C3CA59 /* ViewController.m in Sources */,
				048364E01AD4294D00C3CA59 /* AppDelegate.m in Sources */,
				048364DD1AD4294D00C3CA59 /* main.m in Sources */,
			);
			runOnlyForDeploymentPostprocessing = 0;
		};
		048364EC1AD4294E00C3CA59 /* Sources */ = {
			isa = PBXSourcesBuildPhase;
			buildActionMask = 2147483647;
			files = (
				048364F71AD4294E00C3CA59 /* googleoauth2demoTests.m in Sources */,
			);
			runOnlyForDeploymentPostprocessing = 0;
		};
/* End PBXSourcesBuildPhase section */

/* Begin PBXTargetDependency section */
		048364F21AD4294E00C3CA59 /* PBXTargetDependency */ = {
			isa = PBXTargetDependency;
			target = 048364D61AD4294D00C3CA59 /* googleoauth2demo */;
			targetProxy = 048364F11AD4294E00C3CA59 /* PBXContainerItemProxy */;
		};
/* End PBXTargetDependency section */

/* Begin PBXVariantGroup section */
		048364E41AD4294D00C3CA59 /* Main.storyboard */ = {
			isa = PBXVariantGroup;
			children = (
				048364E51AD4294D00C3CA59 /* Base */,
			);
			name = Main.storyboard;
			sourceTree = "<group>";
		};
		048364E91AD4294D00C3CA59 /* LaunchScreen.xib */ = {
			isa = PBXVariantGroup;
			children = (
				048364EA1AD4294D00C3CA59 /* Base */,
			);
			name = LaunchScreen.xib;
			sourceTree = "<group>";
		};
/* End PBXVariantGroup section */

/* Begin XCBuildConfiguration section */
		048364F81AD4294E00C3CA59 /* Debug */ = {
			isa = XCBuildConfiguration;
			buildSettings = {
				ALWAYS_SEARCH_USER_PATHS = NO;
				CLANG_CXX_LANGUAGE_STANDARD = "gnu++0x";
				CLANG_CXX_LIBRARY = "libc++";
				CLANG_ENABLE_MODULES = YES;
				CLANG_ENABLE_OBJC_ARC = YES;
				CLANG_WARN_BOOL_CONVERSION = YES;
				CLANG_WARN_CONSTANT_CONVERSION = YES;
				CLANG_WARN_DIRECT_OBJC_ISA_USAGE = YES_ERROR;
				CLANG_WARN_EMPTY_BODY = YES;
				CLANG_WARN_ENUM_CONVERSION = YES;
				CLANG_WARN_INT_CONVERSION = YES;
				CLANG_WARN_OBJC_ROOT_CLASS = YES_ERROR;
				CLANG_WARN_UNREACHABLE_CODE = YES;
				CLANG_WARN__DUPLICATE_METHOD_MATCH = YES;
				"CODE_SIGN_IDENTITY[sdk=iphoneos*]" = "iPhone Developer";
				COPY_PHASE_STRIP = NO;
				ENABLE_STRICT_OBJC_MSGSEND = YES;
				GCC_C_LANGUAGE_STANDARD = gnu99;
				GCC_DYNAMIC_NO_PIC = NO;
				GCC_OPTIMIZATION_LEVEL = 0;
				GCC_PREPROCESSOR_DEFINITIONS = (
					"DEBUG=1",
					"$(inherited)",
				);
				GCC_SYMBOLS_PRIVATE_EXTERN = NO;
				GCC_WARN_64_TO_32_BIT_CONVERSION = YES;
				GCC_WARN_ABOUT_RETURN_TYPE = YES_ERROR;
				GCC_WARN_UNDECLARED_SELECTOR = YES;
				GCC_WARN_UNINITIALIZED_AUTOS = YES_AGGRESSIVE;
				GCC_WARN_UNUSED_FUNCTION = YES;
				GCC_WARN_UNUSED_VARIABLE = YES;
				IPHONEOS_DEPLOYMENT_TARGET = 8.2;
				MTL_ENABLE_DEBUG_INFO = YES;
				ONLY_ACTIVE_ARCH = YES;
				SDKROOT = iphoneos;
				TARGETED_DEVICE_FAMILY = "1,2";
			};
			name = Debug;
		};
		048364F91AD4294E00C3CA59 /* Release */ = {
			isa = XCBuildConfiguration;
			buildSettings = {
				ALWAYS_SEARCH_USER_PATHS = NO;
				CLANG_CXX_LANGUAGE_STANDARD = "gnu++0x";
				CLANG_CXX_LIBRARY = "libc++";
				CLANG_ENABLE_MODULES = YES;
				CLANG_ENABLE_OBJC_ARC = YES;
				CLANG_WARN_BOOL_CONVERSION = YES;
				CLANG_WARN_CONSTANT_CONVERSION = YES;
				CLANG_WARN_DIRECT_OBJC_ISA_USAGE = YES_ERROR;
				CLANG_WARN_EMPTY_BODY = YES;
				CLANG_WARN_ENUM_CONVERSION = YES;
				CLANG_WARN_INT_CONVERSION = YES;
				CLANG_WARN_OBJC_ROOT_CLASS = YES_ERROR;
				CLANG_WARN_UNREACHABLE_CODE = YES;
				CLANG_WARN__DUPLICATE_METHOD_MATCH = YES;
				"CODE_SIGN_IDENTITY[sdk=iphoneos*]" = "iPhone Developer";
				COPY_PHASE_STRIP = NO;
				ENABLE_NS_ASSERTIONS = NO;
				ENABLE_STRICT_OBJC_MSGSEND = YES;
				GCC_C_LANGUAGE_STANDARD = gnu99;
				GCC_WARN_64_TO_32_BIT_CONVERSION = YES;
				GCC_WARN_ABOUT_RETURN_TYPE = YES_ERROR;
				GCC_WARN_UNDECLARED_SELECTOR = YES;
				GCC_WARN_UNINITIALIZED_AUTOS = YES_AGGRESSIVE;
				GCC_WARN_UNUSED_FUNCTION = YES;
				GCC_WARN_UNUSED_VARIABLE = YES;
				IPHONEOS_DEPLOYMENT_TARGET = 8.2;
				MTL_ENABLE_DEBUG_INFO = NO;
				SDKROOT = iphoneos;
				TARGETED_DEVICE_FAMILY = "1,2";
				VALIDATE_PRODUCT = YES;
			};
			name = Release;
		};
		048364FB1AD4294E00C3CA59 /* Debug */ = {
			isa = XCBuildConfiguration;
			baseConfigurationReference = 303D487A92100F7BABB2B0ED /* Pods.debug.xcconfig */;
			buildSettings = {
				ASSETCATALOG_COMPILER_APPICON_NAME = AppIcon;
				INFOPLIST_FILE = googleoauth2demo/Info.plist;
				LD_RUNPATH_SEARCH_PATHS = "$(inherited) @executable_path/Frameworks";
				PRODUCT_NAME = "$(TARGET_NAME)";
			};
			name = Debug;
		};
		048364FC1AD4294E00C3CA59 /* Release */ = {
			isa = XCBuildConfiguration;
			baseConfigurationReference = 5B393F4A7884A297E79D1104 /* Pods.release.xcconfig */;
			buildSettings = {
				ASSETCATALOG_COMPILER_APPICON_NAME = AppIcon;
				INFOPLIST_FILE = googleoauth2demo/Info.plist;
				LD_RUNPATH_SEARCH_PATHS = "$(inherited) @executable_path/Frameworks";
				PRODUCT_NAME = "$(TARGET_NAME)";
			};
			name = Release;
		};
		048364FE1AD4294E00C3CA59 /* Debug */ = {
			isa = XCBuildConfiguration;
			buildSettings = {
				BUNDLE_LOADER = "$(TEST_HOST)";
				FRAMEWORK_SEARCH_PATHS = (
					"$(SDKROOT)/Developer/Library/Frameworks",
					"$(inherited)",
				);
				GCC_PREPROCESSOR_DEFINITIONS = (
					"DEBUG=1",
					"$(inherited)",
				);
				INFOPLIST_FILE = googleoauth2demoTests/Info.plist;
				LD_RUNPATH_SEARCH_PATHS = "$(inherited) @executable_path/Frameworks @loader_path/Frameworks";
				PRODUCT_NAME = "$(TARGET_NAME)";
				TEST_HOST = "$(BUILT_PRODUCTS_DIR)/googleoauth2demo.app/googleoauth2demo";
			};
			name = Debug;
		};
		048364FF1AD4294E00C3CA59 /* Release */ = {
			isa = XCBuildConfiguration;
			buildSettings = {
				BUNDLE_LOADER = "$(TEST_HOST)";
				FRAMEWORK_SEARCH_PATHS = (
					"$(SDKROOT)/Developer/Library/Frameworks",
					"$(inherited)",
				);
				INFOPLIST_FILE = googleoauth2demoTests/Info.plist;
				LD_RUNPATH_SEARCH_PATHS = "$(inherited) @executable_path/Frameworks @loader_path/Frameworks";
				PRODUCT_NAME = "$(TARGET_NAME)";
				TEST_HOST = "$(BUILT_PRODUCTS_DIR)/googleoauth2demo.app/googleoauth2demo";
			};
			name = Release;
		};
/* End XCBuildConfiguration section */

/* Begin XCConfigurationList section */
		048364D21AD4294D00C3CA59 /* Build configuration list for PBXProject "googleoauth2demo" */ = {
			isa = XCConfigurationList;
			buildConfigurations = (
				048364F81AD4294E00C3CA59 /* Debug */,
				048364F91AD4294E00C3CA59 /* Release */,
			);
			defaultConfigurationIsVisible = 0;
			defaultConfigurationName = Release;
		};
		048364FA1AD4294E00C3CA59 /* Build configuration list for PBXNativeTarget "googleoauth2demo" */ = {
			isa = XCConfigurationList;
			buildConfigurations = (
				048364FB1AD4294E00C3CA59 /* Debug */,
				048364FC1AD4294E00C3CA59 /* Release */,
			);
			defaultConfigurationIsVisible = 0;
			defaultConfigurationName = Release;
		};
		048364FD1AD4294E00C3CA59 /* Build configuration list for PBXNativeTarget "googleoauth2demoTests" */ = {
			isa = XCConfigurationList;
			buildConfigurations = (
				048364FE1AD4294E00C3CA59 /* Debug */,
				048364FF1AD4294E00C3CA59 /* Release */,
			);
			defaultConfigurationIsVisible = 0;
			defaultConfigurationName = Release;
		};
/* End XCConfigurationList section */
	};
	rootObject = 048364CF1AD4294D00C3CA59 /* Project object */;
}
